
Microsoft Visual Studio Solution File, Format Version 12.00
Project("{FAE04EC0-301F-11D3-BF4B-00C04F79EFBC}") = "Velo.Tests", "src\Velo.Tests\Velo.Tests.csproj", "{19C8D859-62E5-44C1-AF91-032CD03E3EAF}"
EndProject
Project("{FAE04EC0-301F-11D3-BF4B-00C04F79EFBC}") = "Velo", "src\Velo\Velo.csproj", "{603D3C40-641B-41E5-B5F8-049F554D4DF5}"
EndProject
Project("{FAE04EC0-301F-11D3-BF4B-00C04F79EFBC}") = "Velo.Benchmark", "src\Velo.Benchmark\Velo.Benchmark.csproj", "{E13E2572-CCFF-4737-87FA-B740897FF407}"
EndProject
Project("{FAE04EC0-301F-11D3-BF4B-00C04F79EFBC}") = "Velo.TestsModels", "src\Velo.TestsModels\Velo.TestsModels.csproj", "{38B6767C-03C4-48AF-A251-220BCD7E5989}"
EndProject
Project("{FAE04EC0-301F-11D3-BF4B-00C04F79EFBC}") = "Velo.Extensions.DependencyInjection", "src\Velo.Extensions.DependencyInjection\Velo.Extensions.DependencyInjection.csproj", "{65170373-5BC5-43D3-9544-42AA9323A5F6}"
EndProject
Project("{2150E333-8FDC-42A3-9474-1A3956D46DE8}") = "Tests", "Tests", "{63514FF9-F91F-47D1-BB72-AAD48F3B1E7C}"
EndProject
Project("{FAE04EC0-301F-11D3-BF4B-00C04F79EFBC}") = "Velo.ECS", "src\Velo.ECS\Velo.ECS.csproj", "{22CA1987-5FE2-432F-99BA-5620E25462AC}"
EndProject
Project("{FAE04EC0-301F-11D3-BF4B-00C04F79EFBC}") = "Velo.ECS.Tests", "src\Velo.ECS.Tests\Velo.ECS.Tests.csproj", "{8E91F26F-52EC-4248-B2B0-11178AE0CB1B}"
EndProject
Global
	GlobalSection(SolutionConfigurationPlatforms) = preSolution
		Debug|Any CPU = Debug|Any CPU
		Release|Any CPU = Release|Any CPU
	EndGlobalSection
	GlobalSection(ProjectConfigurationPlatforms) = postSolution
		{19C8D859-62E5-44C1-AF91-032CD03E3EAF}.Debug|Any CPU.ActiveCfg = Debug|Any CPU
		{19C8D859-62E5-44C1-AF91-032CD03E3EAF}.Debug|Any CPU.Build.0 = Debug|Any CPU
		{19C8D859-62E5-44C1-AF91-032CD03E3EAF}.Release|Any CPU.ActiveCfg = Release|Any CPU
		{19C8D859-62E5-44C1-AF91-032CD03E3EAF}.Release|Any CPU.Build.0 = Release|Any CPU
		{603D3C40-641B-41E5-B5F8-049F554D4DF5}.Debug|Any CPU.ActiveCfg = Debug|Any CPU
		{603D3C40-641B-41E5-B5F8-049F554D4DF5}.Debug|Any CPU.Build.0 = Debug|Any CPU
		{603D3C40-641B-41E5-B5F8-049F554D4DF5}.Release|Any CPU.ActiveCfg = Release|Any CPU
		{603D3C40-641B-41E5-B5F8-049F554D4DF5}.Release|Any CPU.Build.0 = Release|Any CPU
		{E13E2572-CCFF-4737-87FA-B740897FF407}.Debug|Any CPU.ActiveCfg = Debug|Any CPU
		{E13E2572-CCFF-4737-87FA-B740897FF407}.Release|Any CPU.ActiveCfg = Release|Any CPU
		{E13E2572-CCFF-4737-87FA-B740897FF407}.Release|Any CPU.Build.0 = Release|Any CPU
		{38B6767C-03C4-48AF-A251-220BCD7E5989}.Debug|Any CPU.ActiveCfg = Debug|Any CPU
		{38B6767C-03C4-48AF-A251-220BCD7E5989}.Debug|Any CPU.Build.0 = Debug|Any CPU
		{38B6767C-03C4-48AF-A251-220BCD7E5989}.Release|Any CPU.ActiveCfg = Release|Any CPU
		{38B6767C-03C4-48AF-A251-220BCD7E5989}.Release|Any CPU.Build.0 = Release|Any CPU
		{65170373-5BC5-43D3-9544-42AA9323A5F6}.Debug|Any CPU.ActiveCfg = Debug|Any CPU
		{65170373-5BC5-43D3-9544-42AA9323A5F6}.Debug|Any CPU.Build.0 = Debug|Any CPU
		{65170373-5BC5-43D3-9544-42AA9323A5F6}.Release|Any CPU.ActiveCfg = Release|Any CPU
		{65170373-5BC5-43D3-9544-42AA9323A5F6}.Release|Any CPU.Build.0 = Release|Any CPU
		{22CA1987-5FE2-432F-99BA-5620E25462AC}.Debug|Any CPU.ActiveCfg = Debug|Any CPU
		{22CA1987-5FE2-432F-99BA-5620E25462AC}.Debug|Any CPU.Build.0 = Debug|Any CPU
		{22CA1987-5FE2-432F-99BA-5620E25462AC}.Release|Any CPU.ActiveCfg = Release|Any CPU
		{22CA1987-5FE2-432F-99BA-5620E25462AC}.Release|Any CPU.Build.0 = Release|Any CPU
		{8E91F26F-52EC-4248-B2B0-11178AE0CB1B}.Debug|Any CPU.ActiveCfg = Debug|Any CPU
		{8E91F26F-52EC-4248-B2B0-11178AE0CB1B}.Debug|Any CPU.Build.0 = Debug|Any CPU
		{8E91F26F-52EC-4248-B2B0-11178AE0CB1B}.Release|Any CPU.ActiveCfg = Release|Any CPU
		{8E91F26F-52EC-4248-B2B0-11178AE0CB1B}.Release|Any CPU.Build.0 = Release|Any CPU
	EndGlobalSection
	GlobalSection(NestedProjects) = preSolution
		{E13E2572-CCFF-4737-87FA-B740897FF407} = {63514FF9-F91F-47D1-BB72-AAD48F3B1E7C}
		{19C8D859-62E5-44C1-AF91-032CD03E3EAF} = {63514FF9-F91F-47D1-BB72-AAD48F3B1E7C}
		{38B6767C-03C4-48AF-A251-220BCD7E5989} = {63514FF9-F91F-47D1-BB72-AAD48F3B1E7C}
		{8E91F26F-52EC-4248-B2B0-11178AE0CB1B} = {63514FF9-F91F-47D1-BB72-AAD48F3B1E7C}
	EndGlobalSection
EndGlobal
